{"schema_version":1,"template_commit":"d9ca89da4237112887ae4736b3866720e65bfc1d","manifest_sha256":"a45a740123860349f97b708480fddaee62aa4ab291501b664de45291397ab2d5","resolved_paths":[{"path":".ai-boundaries.yml","strategy":"manual_merge","resolution":"adapted","template_sha256":"26544cf0ca803c72e28990ea75770b908359f7176c109085d73baf0b9756311d","target_sha256":"38da269ce5812e9a80791bcae2e1a361c77d6b1d6509218c00e4f281412ae049"},{"path":".gitattributes","strategy":"manual_merge","resolution":"preserved","template_sha256":"4da82d22b0415fe2741a61c9700644cbeba329297102ec7adf40485546bb7bb1","target_sha256":"f28d76201d1c49fa2d4dd5ebb9796b163e55da318cfa79ec08a93516c7ecdb1c"},{"path":".gitignore","strategy":"manual_merge","resolution":"merged","template_sha256":"140249ce23a55b35eb41d6187d17f38d7898f555ca93bc32aa33d1dffb250f62","target_sha256":"3c0be2a84476c4326a165113f49c18613441051c4784fc3c0fc4ba1e854c0964"},{"path":"AGENTS.md","strategy":"manual_merge","resolution":"adapted","template_sha256":"863f75af34a40f2e999cfc55b541b7d81bad20562c39be49717d74f0c76b45b2","target_sha256":"9be9c79457e7b429f419b83af31c9ce865d4eaa28a50e844597655ab62ff718e"},{"path":"BLUEPRINT.md","strategy":"manual_merge","resolution":"adapted","template_sha256":"e34afdce5667960db542ee969ecb02b81c6184099fe1ca5db0dbe63dfdf29621","target_sha256":"08a40cadab22cc21be31332e645cfa250c54d7b4f225d9df2dbd682a2c13bb1b"},{"path":"CONTEXT.md","strategy":"manual_merge","resolution":"merged","template_sha256":"ec69f34ff3425429c8e54e9871e04880050a49e9920853b26fc08305839a9a39","target_sha256":"771a1d01a41b7058226095ff8fd86a09e1e756a825a625956b9be73a90b0cf70"},{"path":"Makefile","strategy":"manual_merge","resolution":"adapted","template_sha256":"05d08fdba18010c8240d397ccc0ee79cec10626f7561c2d519a99f1c1e98ff57","target_sha256":"c2d87437d8b7cc8fc7822764d09efab3f2bcb304b9c249780cf1b14b505aacd3"},{"path":"docs/branch-collaboration.md","strategy":"manual_merge","resolution":"adapted","template_sha256":"acd71b0f25ded57fc1dfe8ddc90529dea9f636aa3462fba2a2214c3b8ff9887b","target_sha256":"3f15b40e054c616942c2160b057182f869dd6bce976b609a77c1f6869022ebc2"},{"path":"docs/harness-workflows.json","strategy":"project_overlay","resolution":"merged","template_sha256":"a44f6c147723998fdee8e10ebb6fef991b556e9370c22f54a93b849482b3cab3","target_sha256":"a44f6c147723998fdee8e10ebb6fef991b556e9370c22f54a93b849482b3cab3"},{"path":"docs/harness-workflows.md","strategy":"manual_merge","resolution":"adapted","template_sha256":"a41837a58cae9955c8f3644e65a63b04e7120ba4764675facea39ad928d50554","target_sha256":"82814ac979b70f3fb8825f9c07a1e45e7783481bedfbc9e972fcb2c5ce297c70"},{"path":"harness/harness_profiles.json","strategy":"project_overlay","resolution":"adapted","template_sha256":"b438ca84b6c21057799f59343cc34b856d4dff74a4dba2974d149390fbc6edcc","target_sha256":"29927fa229d7a2e3e086132008fcec75aa4a7745fcb7a3cddeea13f39c0d6bb6"},{"path":"harness/tool_versions.env","strategy":"manual_merge","resolution":"merged","template_sha256":"a04cca767b4bb1446bd82ec2636d8437b0895328c8d33525a7eb6409dc977dbe","target_sha256":"a04cca767b4bb1446bd82ec2636d8437b0895328c8d33525a7eb6409dc977dbe"},{"path":"scripts/harnessctl.sh","strategy":"manual_merge","resolution":"merged","template_sha256":"b13bfad72654db12dc115b8c96ac7dee8440bb8a579382016eb7493d18ce31c0","target_sha256":"b13bfad72654db12dc115b8c96ac7dee8440bb8a579382016eb7493d18ce31c0"},{"path":"scripts/init_project.sh","strategy":"manual_merge","resolution":"merged","template_sha256":"d32799637f6c74144e76867439a6d891dae75b971b01907d5a84e2783df432fe","target_sha256":"d32799637f6c74144e76867439a6d891dae75b971b01907d5a84e2783df432fe"}]}
