{"schema_version":1,"template_commit":"9c26d8ca0033653a0bb905470463f2a6e16656ef","manifest_sha256":"5d804ba9848a3448406fc39c23224e7b5d91a45652804567f2bc99594d38927f","resolved_paths":[{"path":".ai-boundaries.yml","strategy":"manual_merge","resolution":"adapted","template_sha256":"26544cf0ca803c72e28990ea75770b908359f7176c109085d73baf0b9756311d","target_sha256":"38da269ce5812e9a80791bcae2e1a361c77d6b1d6509218c00e4f281412ae049"},{"path":".gitattributes","strategy":"manual_merge","resolution":"preserved","template_sha256":"4da82d22b0415fe2741a61c9700644cbeba329297102ec7adf40485546bb7bb1","target_sha256":"f28d76201d1c49fa2d4dd5ebb9796b163e55da318cfa79ec08a93516c7ecdb1c"},{"path":".gitignore","strategy":"manual_merge","resolution":"merged","template_sha256":"140249ce23a55b35eb41d6187d17f38d7898f555ca93bc32aa33d1dffb250f62","target_sha256":"3c0be2a84476c4326a165113f49c18613441051c4784fc3c0fc4ba1e854c0964"},{"path":"AGENTS.md","strategy":"manual_merge","resolution":"adapted","template_sha256":"8e9626531aff2270f158fc7d42b4c049b51a1eaa5bf65ce9a0f52de3b638bff1","target_sha256":"38df5163d51f1dab313480de6c7dc94cb69c5f88ecd7891e3b18ae2e8e807363"},{"path":"BLUEPRINT.md","strategy":"manual_merge","resolution":"adapted","template_sha256":"3ff050fbfc30680f903c1da123f768eeb0b0c9ad177bd53bf4f5e70ab7069eb0","target_sha256":"337863b0540e7ef3a8648703bdc0c1e9f33982c45001610ca2f4600ce4729533"},{"path":"CONTEXT.md","strategy":"manual_merge","resolution":"adapted","template_sha256":"0015c911ac1e7fb508f0bf6ae64a9837e4e2bf330b65863db2852719a6a4de7b","target_sha256":"1040797e90f215cd203e7a9080d8e576e24434d8e157bd569b2be1fa1ebfd8cc"},{"path":"Makefile","strategy":"manual_merge","resolution":"adapted","template_sha256":"13a5b5a480c7ebb4d6f3a39a31b3f3f092f2ba8111dc78c5bcd0407723a2d1a1","target_sha256":"e69e035a3619a0bc60d6f06412346e0e981e4cf5343137241165eb912d5ad8fd"},{"path":"docs/branch-collaboration.md","strategy":"manual_merge","resolution":"adapted","template_sha256":"6bccb91dfc1cd03ec3da06c82222558222b4d332195a3dbc8bfb7c4ea171226d","target_sha256":"6bccb91dfc1cd03ec3da06c82222558222b4d332195a3dbc8bfb7c4ea171226d"},{"path":"docs/harness-workflows.md","strategy":"manual_merge","resolution":"adapted","template_sha256":"1b2256d548ea572fd3043fbda54f06663053b422d8ab0fff20b7f0693820a8f8","target_sha256":"16cd048f4016cbc8c7e2a70b2def711889dadfd2ad6522e159fa8f79226122c3"},{"path":"harness/dependencies.json","strategy":"manual_merge","resolution":"adapted","template_sha256":"38a285c6a788fa04a1b5d5ca0d1d8cbfffa414b7ad32227f698d520932bfb4dc","target_sha256":"96222420486f2fc2328db8ace25d99d8a1820ab8c212f26c8f6ce3112bc72a64"},{"path":"harness/harness_profiles.json","strategy":"project_overlay","resolution":"adapted","template_sha256":"8ccb2b532b4cc75fd4d2f27262d937e0730779e8351b35404f4b4bcea99d19bc","target_sha256":"23bfaa01e8407db0ed251a72ba93727560f2e6abe464c094013b079a5d9c071e"},{"path":"harness/tool_versions.env","strategy":"manual_merge","resolution":"merged","template_sha256":"a04cca767b4bb1446bd82ec2636d8437b0895328c8d33525a7eb6409dc977dbe","target_sha256":"a04cca767b4bb1446bd82ec2636d8437b0895328c8d33525a7eb6409dc977dbe"},{"path":"scripts/harnessctl.sh","strategy":"manual_merge","resolution":"merged","template_sha256":"878088a1544bfe4a5fc42f2a8cdb7c7673baabb0e5985ed88def68ab72e2a7f8","target_sha256":"878088a1544bfe4a5fc42f2a8cdb7c7673baabb0e5985ed88def68ab72e2a7f8"},{"path":"scripts/init_project.sh","strategy":"manual_merge","resolution":"merged","template_sha256":"d32799637f6c74144e76867439a6d891dae75b971b01907d5a84e2783df432fe","target_sha256":"d32799637f6c74144e76867439a6d891dae75b971b01907d5a84e2783df432fe"}]}
